// !$*UTF8*$!
{
	archiveVersion = 1;
	classes = {
	};
	objectVersion = 46;
	objects = {

/* Begin PBXBuildFile section */
		5EA6461D190ECCB50096C3DD /* Foundation.framework in Frameworks */ = {isa = PBXBuildFile; fileRef = 5EA6461C190ECCB50096C3DD /* Foundation.framework */; };
		5EA6461F190ECCB50096C3DD /* CoreGraphics.framework in Frameworks */ = {isa = PBXBuildFile; fileRef = 5EA6461E190ECCB50096C3DD /* CoreGraphics.framework */; };
		5EA64621190ECCB50096C3DD /* UIKit.framework in Frameworks */ = {isa = PBXBuildFile; fileRef = 5EA64620190ECCB50096C3DD /* UIKit.framework */; };
		5EA64627190ECCB50096C3DD /* InfoPlist.strings in Resources */ = {isa = PBXBuildFile; fileRef = 5EA64625190ECCB50096C3DD /* InfoPlist.strings */; };
		5EA64629190ECCB50096C3DD /* main.m in Sources */ = {isa = PBXBuildFile; fileRef = 5EA64628190ECCB50096C3DD /* main.m */; };
		5EA6462D190ECCB50096C3DD /* AppDelegate.m in Sources */ = {isa = PBXBuildFile; fileRef = 5EA6462C190ECCB50096C3DD /* AppDelegate.m */; };
		5EA6462F190ECCB50096C3DD /* Images.xcassets in Resources */ = {isa = PBXBuildFile; fileRef = 5EA6462E190ECCB50096C3DD /* Images.xcassets */; };
		5EA64636190ECCB50096C3DD /* XCTest.framework in Frameworks */ = {isa = PBXBuildFile; fileRef = 5EA64635190ECCB50096C3DD /* XCTest.framework */; };
		5EA64637190ECCB50096C3DD /* Foundation.framework in Frameworks */ = {isa = PBXBuildFile; fileRef = 5EA6461C190ECCB50096C3DD /* Foundation.framework */; };
		5EA64638190ECCB50096C3DD /* UIKit.framework in Frameworks */ = {isa = PBXBuildFile; fileRef = 5EA64620190ECCB50096C3DD /* UIKit.framework */; };
		5EA64640190ECCB50096C3DD /* InfoPlist.strings in Resources */ = {isa = PBXBuildFile; fileRef = 5EA6463E190ECCB50096C3DD /* InfoPlist.strings */; };
		5EA64642190ECCB50096C3DD /* PopTutTests.m in Sources */ = {isa = PBXBuildFile; fileRef = 5EA64641190ECCB50096C3DD /* PopTutTests.m */; };
		5EA646DA190ED8F90096C3DD /* Main.storyboard in Resources */ = {isa = PBXBuildFile; fileRef = 5EA6469D190ED8F90096C3DD /* Main.storyboard */; };
		5EA646DB190ED8F90096C3DD /* InfoPlist.strings in Resources */ = {isa = PBXBuildFile; fileRef = 5EA6469F190ED8F90096C3DD /* InfoPlist.strings */; };
		5EA646DC190ED8F90096C3DD /* pop-Info.plist in Resources */ = {isa = PBXBuildFile; fileRef = 5EA646A1190ED8F90096C3DD /* pop-Info.plist */; };
		5EA646DD190ED8F90096C3DD /* POPAnimatableProperty.mm in Sources */ = {isa = PBXBuildFile; fileRef = 5EA646A6190ED8F90096C3DD /* POPAnimatableProperty.mm */; };
		5EA646DE190ED8F90096C3DD /* POPAnimation.mm in Sources */ = {isa = PBXBuildFile; fileRef = 5EA646A8190ED8F90096C3DD /* POPAnimation.mm */; };
		5EA646DF190ED8F90096C3DD /* POPAnimationEvent.mm in Sources */ = {isa = PBXBuildFile; fileRef = 5EA646AA190ED8F90096C3DD /* POPAnimationEvent.mm */; };
		5EA646E0190ED8F90096C3DD /* POPAnimationExtras.mm in Sources */ = {isa = PBXBuildFile; fileRef = 5EA646AD190ED8F90096C3DD /* POPAnimationExtras.mm */; };
		5EA646E1190ED8F90096C3DD /* POPAnimationRuntime.mm in Sources */ = {isa = PBXBuildFile; fileRef = 5EA646B1190ED8F90096C3DD /* POPAnimationRuntime.mm */; };
		5EA646E2190ED8F90096C3DD /* POPAnimationTracer.mm in Sources */ = {isa = PBXBuildFile; fileRef = 5EA646B3190ED8F90096C3DD /* POPAnimationTracer.mm */; };
		5EA646E3190ED8F90096C3DD /* POPAnimator.mm in Sources */ = {isa = PBXBuildFile; fileRef = 5EA646B6190ED8F90096C3DD /* POPAnimator.mm */; };
		5EA646E4190ED8F90096C3DD /* POPBasicAnimation.mm in Sources */ = {isa = PBXBuildFile; fileRef = 5EA646B9190ED8F90096C3DD /* POPBasicAnimation.mm */; };
		5EA646E5190ED8F90096C3DD /* POPCGUtils.mm in Sources */ = {isa = PBXBuildFile; fileRef = 5EA646BC190ED8F90096C3DD /* POPCGUtils.mm */; };
		5EA646E6190ED8F90096C3DD /* POPCustomAnimation.mm in Sources */ = {isa = PBXBuildFile; fileRef = 5EA646BE190ED8F90096C3DD /* POPCustomAnimation.mm */; };
		5EA646E7190ED8F90096C3DD /* POPDecayAnimation.mm in Sources */ = {isa = PBXBuildFile; fileRef = 5EA646C0190ED8F90096C3DD /* POPDecayAnimation.mm */; };
		5EA646E8190ED8F90096C3DD /* POPGeometry.mm in Sources */ = {isa = PBXBuildFile; fileRef = 5EA646C4190ED8F90096C3DD /* POPGeometry.mm */; };
		5EA646E9190ED8F90096C3DD /* POPLayerExtras.mm in Sources */ = {isa = PBXBuildFile; fileRef = 5EA646C6190ED8F90096C3DD /* POPLayerExtras.mm */; };
		5EA646EA190ED8F90096C3DD /* POPMath.mm in Sources */ = {isa = PBXBuildFile; fileRef = 5EA646C8190ED8F90096C3DD /* POPMath.mm */; };
		5EA646EB190ED8F90096C3DD /* POPPropertyAnimation.mm in Sources */ = {isa = PBXBuildFile; fileRef = 5EA646CA190ED8F90096C3DD /* POPPropertyAnimation.mm */; };
		5EA646EC190ED8F90096C3DD /* POPSpringAnimation.mm in Sources */ = {isa = PBXBuildFile; fileRef = 5EA646CD190ED8F90096C3DD /* POPSpringAnimation.mm */; };
		5EA646ED190ED8F90096C3DD /* POPVector.mm in Sources */ = {isa = PBXBuildFile; fileRef = 5EA646D1190ED8F90096C3DD /* POPVector.mm */; };
		5EA646EE190ED8F90096C3DD /* TransformationMatrix.cpp in Sources */ = {isa = PBXBuildFile; fileRef = 5EA646D4190ED8F90096C3DD /* TransformationMatrix.cpp */; };
		5EA646F0190ED8F90096C3DD /* ViewController.m in Sources */ = {isa = PBXBuildFile; fileRef = 5EA646D9190ED8F90096C3DD /* ViewController.m */; };
/* End PBXBuildFile section */

/* Begin PBXContainerItemProxy section */
		5EA64639190ECCB50096C3DD /* PBXContainerItemProxy */ = {
			isa = PBXContainerItemProxy;
			containerPortal = 5EA64611190ECCB50096C3DD /* Project object */;
			proxyType = 1;
			remoteGlobalIDString = 5EA64618190ECCB50096C3DD;
			remoteInfo = PopTut;
		};
/* End PBXContainerItemProxy section */

/* Begin PBXFileReference section */
		5EA64619190ECCB50096C3DD /* PopTut.app */ = {isa = PBXFileReference; explicitFileType = wrapper.application; includeInIndex = 0; path = PopTut.app; sourceTree = BUILT_PRODUCTS_DIR; };
		5EA6461C190ECCB50096C3DD /* Foundation.framework */ = {isa = PBXFileReference; lastKnownFileType = wrapper.framework; name = Foundation.framework; path = System/Library/Frameworks/Foundation.framework; sourceTree = SDKROOT; };
		5EA6461E190ECCB50096C3DD /* CoreGraphics.framework */ = {isa = PBXFileReference; lastKnownFileType = wrapper.framework; name = CoreGraphics.framework; path = System/Library/Frameworks/CoreGraphics.framework; sourceTree = SDKROOT; };
		5EA64620190ECCB50096C3DD /* UIKit.framework */ = {isa = PBXFileReference; lastKnownFileType = wrapper.framework; name = UIKit.framework; path = System/Library/Frameworks/UIKit.framework; sourceTree = SDKROOT; };
		5EA64624190ECCB50096C3DD /* PopTut-Info.plist */ = {isa = PBXFileReference; lastKnownFileType = text.plist.xml; path = "PopTut-Info.plist"; sourceTree = "<group>"; };
		5EA64626190ECCB50096C3DD /* en */ = {isa = PBXFileReference; lastKnownFileType = text.plist.strings; name = en; path = en.lproj/InfoPlist.strings; sourceTree = "<group>"; };
		5EA64628190ECCB50096C3DD /* main.m */ = {isa = PBXFileReference; lastKnownFileType = sourcecode.c.objc; path = main.m; sourceTree = "<group>"; };
		5EA6462A190ECCB50096C3DD /* PopTut-Prefix.pch */ = {isa = PBXFileReference; lastKnownFileType = sourcecode.c.h; path = "PopTut-Prefix.pch"; sourceTree = "<group>"; };
		5EA6462B190ECCB50096C3DD /* AppDelegate.h */ = {isa = PBXFileReference; lastKnownFileType = sourcecode.c.h; path = AppDelegate.h; sourceTree = "<group>"; };
		5EA6462C190ECCB50096C3DD /* AppDelegate.m */ = {isa = PBXFileReference; lastKnownFileType = sourcecode.c.objc; path = AppDelegate.m; sourceTree = "<group>"; };
		5EA6462E190ECCB50096C3DD /* Images.xcassets */ = {isa = PBXFileReference; lastKnownFileType = folder.assetcatalog; path = Images.xcassets; sourceTree = "<group>"; };
		5EA64634190ECCB50096C3DD /* PopTutTests.xctest */ = {isa = PBXFileReference; explicitFileType = wrapper.cfbundle; includeInIndex = 0; path = PopTutTests.xctest; sourceTree = BUILT_PRODUCTS_DIR; };
		5EA64635190ECCB50096C3DD /* XCTest.framework */ = {isa = PBXFileReference; lastKnownFileType = wrapper.framework; name = XCTest.framework; path = Library/Frameworks/XCTest.framework; sourceTree = DEVELOPER_DIR; };
		5EA6463D190ECCB50096C3DD /* PopTutTests-Info.plist */ = {isa = PBXFileReference; lastKnownFileType = text.plist.xml; path = "PopTutTests-Info.plist"; sourceTree = "<group>"; };
		5EA6463F190ECCB50096C3DD /* en */ = {isa = PBXFileReference; lastKnownFileType = text.plist.strings; name = en; path = en.lproj/InfoPlist.strings; sourceTree = "<group>"; };
		5EA64641190ECCB50096C3DD /* PopTutTests.m */ = {isa = PBXFileReference; lastKnownFileType = sourcecode.c.objc; path = PopTutTests.m; sourceTree = "<group>"; };
		5EA6469D190ED8F90096C3DD /* Main.storyboard */ = {isa = PBXFileReference; fileEncoding = 4; lastKnownFileType = file.storyboard; path = Main.storyboard; sourceTree = "<group>"; };
		5EA646A0190ED8F90096C3DD /* en */ = {isa = PBXFileReference; lastKnownFileType = text.plist.strings; name = en; path = en.lproj/InfoPlist.strings; sourceTree = "<group>"; };
		5EA646A1190ED8F90096C3DD /* pop-Info.plist */ = {isa = PBXFileReference; fileEncoding = 4; lastKnownFileType = text.plist.xml; path = "pop-Info.plist"; sourceTree = "<group>"; };
		5EA646A2190ED8F90096C3DD /* pop-Prefix.pch */ = {isa = PBXFileReference; fileEncoding = 4; lastKnownFileType = sourcecode.c.h; path = "pop-Prefix.pch"; sourceTree = "<group>"; };
		5EA646A3190ED8F90096C3DD /* POP.h */ = {isa = PBXFileReference; fileEncoding = 4; lastKnownFileType = sourcecode.c.h; path = POP.h; sourceTree = "<group>"; };
		5EA646A4190ED8F90096C3DD /* POPAction.h */ = {isa = PBXFileReference; fileEncoding = 4; lastKnownFileType = sourcecode.c.h; path = POPAction.h; sourceTree = "<group>"; };
		5EA646A5190ED8F90096C3DD /* POPAnimatableProperty.h */ = {isa = PBXFileReference; fileEncoding = 4; lastKnownFileType = sourcecode.c.h; path = POPAnimatableProperty.h; sourceTree = "<group>"; };
		5EA646A6190ED8F90096C3DD /* POPAnimatableProperty.mm */ = {isa = PBXFileReference; fileEncoding = 4; lastKnownFileType = sourcecode.cpp.objcpp; path = POPAnimatableProperty.mm; sourceTree = "<group>"; };
		5EA646A7190ED8F90096C3DD /* POPAnimation.h */ = {isa = PBXFileReference; fileEncoding = 4; lastKnownFileType = sourcecode.c.h; path = POPAnimation.h; sourceTree = "<group>"; };
		5EA646A8190ED8F90096C3DD /* POPAnimation.mm */ = {isa = PBXFileReference; fileEncoding = 4; lastKnownFileType = sourcecode.cpp.objcpp; path = POPAnimation.mm; sourceTree = "<group>"; };
		5EA646A9190ED8F90096C3DD /* POPAnimationEvent.h */ = {isa = PBXFileReference; fileEncoding = 4; lastKnownFileType = sourcecode.c.h; path = POPAnimationEvent.h; sourceTree = "<group>"; };
		5EA646AA190ED8F90096C3DD /* POPAnimationEvent.mm */ = {isa = PBXFileReference; fileEncoding = 4; lastKnownFileType = sourcecode.cpp.objcpp; path = POPAnimationEvent.mm; sourceTree = "<group>"; };
		5EA646AB190ED8F90096C3DD /* POPAnimationEventInternal.h */ = {isa = PBXFileReference; fileEncoding = 4; lastKnownFileType = sourcecode.c.h; path = POPAnimationEventInternal.h; sourceTree = "<group>"; };
		5EA646AC190ED8F90096C3DD /* POPAnimationExtras.h */ = {isa = PBXFileReference; fileEncoding = 4; lastKnownFileType = sourcecode.c.h; path = POPAnimationExtras.h; sourceTree = "<group>"; };
		5EA646AD190ED8F90096C3DD /* POPAnimationExtras.mm */ = {isa = PBXFileReference; fileEncoding = 4; lastKnownFileType = sourcecode.cpp.objcpp; path = POPAnimationExtras.mm; sourceTree = "<group>"; };
		5EA646AE190ED8F90096C3DD /* POPAnimationInternal.h */ = {isa = PBXFileReference; fileEncoding = 4; lastKnownFileType = sourcecode.c.h; path = POPAnimationInternal.h; sourceTree = "<group>"; };
		5EA646AF190ED8F90096C3DD /* POPAnimationPrivate.h */ = {isa = PBXFileReference; fileEncoding = 4; lastKnownFileType = sourcecode.c.h; path = POPAnimationPrivate.h; sourceTree = "<group>"; };
		5EA646B0190ED8F90096C3DD /* POPAnimationRuntime.h */ = {isa = PBXFileReference; fileEncoding = 4; lastKnownFileType = sourcecode.c.h; path = POPAnimationRuntime.h; sourceTree = "<group>"; };
		5EA646B1190ED8F90096C3DD /* POPAnimationRuntime.mm */ = {isa = PBXFileReference; fileEncoding = 4; lastKnownFileType = sourcecode.cpp.objcpp; path = POPAnimationRuntime.mm; sourceTree = "<group>"; };
		5EA646B2190ED8F90096C3DD /* POPAnimationTracer.h */ = {isa = PBXFileReference; fileEncoding = 4; lastKnownFileType = sourcecode.c.h; path = POPAnimationTracer.h; sourceTree = "<group>"; };
		5EA646B3190ED8F90096C3DD /* POPAnimationTracer.mm */ = {isa = PBXFileReference; fileEncoding = 4; lastKnownFileType = sourcecode.cpp.objcpp; path = POPAnimationTracer.mm; sourceTree = "<group>"; };
		5EA646B4190ED8F90096C3DD /* POPAnimationTracerInternal.h */ = {isa = PBXFileReference; fileEncoding = 4; lastKnownFileType = sourcecode.c.h; path = POPAnimationTracerInternal.h; sourceTree = "<group>"; };
		5EA646B5190ED8F90096C3DD /* POPAnimator.h */ = {isa = PBXFileReference; fileEncoding = 4; lastKnownFileType = sourcecode.c.h; path = POPAnimator.h; sourceTree = "<group>"; };
		5EA646B6190ED8F90096C3DD /* POPAnimator.mm */ = {isa = PBXFileReference; fileEncoding = 4; lastKnownFileType = sourcecode.cpp.objcpp; path = POPAnimator.mm; sourceTree = "<group>"; };
		5EA646B7190ED8F90096C3DD /* POPAnimatorPrivate.h */ = {isa = PBXFileReference; fileEncoding = 4; lastKnownFileType = sourcecode.c.h; path = POPAnimatorPrivate.h; sourceTree = "<group>"; };
		5EA646B8190ED8F90096C3DD /* POPBasicAnimation.h */ = {isa = PBXFileReference; fileEncoding = 4; lastKnownFileType = sourcecode.c.h; path = POPBasicAnimation.h; sourceTree = "<group>"; };
		5EA646B9190ED8F90096C3DD /* POPBasicAnimation.mm */ = {isa = PBXFileReference; fileEncoding = 4; lastKnownFileType = sourcecode.cpp.objcpp; path = POPBasicAnimation.mm; sourceTree = "<group>"; };
		5EA646BA190ED8F90096C3DD /* POPBasicAnimationInternal.h */ = {isa = PBXFileReference; fileEncoding = 4; lastKnownFileType = sourcecode.c.h; path = POPBasicAnimationInternal.h; sourceTree = "<group>"; };
		5EA646BB190ED8F90096C3DD /* POPCGUtils.h */ = {isa = PBXFileReference; fileEncoding = 4; lastKnownFileType = sourcecode.c.h; path = POPCGUtils.h; sourceTree = "<group>"; };
		5EA646BC190ED8F90096C3DD /* POPCGUtils.mm */ = {isa = PBXFileReference; fileEncoding = 4; lastKnownFileType = sourcecode.cpp.objcpp; path = POPCGUtils.mm; sourceTree = "<group>"; };
		5EA646BD190ED8F90096C3DD /* POPCustomAnimation.h */ = {isa = PBXFileReference; fileEncoding = 4; lastKnownFileType = sourcecode.c.h; path = POPCustomAnimation.h; sourceTree = "<group>"; };
		5EA646BE190ED8F90096C3DD /* POPCustomAnimation.mm */ = {isa = PBXFileReference; fileEncoding = 4; lastKnownFileType = sourcecode.cpp.objcpp; path = POPCustomAnimation.mm; sourceTree = "<group>"; };
		5EA646BF190ED8F90096C3DD /* POPDecayAnimation.h */ = {isa = PBXFileReference; fileEncoding = 4; lastKnownFileType = sourcecode.c.h; path = POPDecayAnimation.h; sourceTree = "<group>"; };
		5EA646C0190ED8F90096C3DD /* POPDecayAnimation.mm */ = {isa = PBXFileReference; fileEncoding = 4; lastKnownFileType = sourcecode.cpp.objcpp; path = POPDecayAnimation.mm; sourceTree = "<group>"; };
		5EA646C1190ED8F90096C3DD /* POPDecayAnimationInternal.h */ = {isa = PBXFileReference; fileEncoding = 4; lastKnownFileType = sourcecode.c.h; path = POPDecayAnimationInternal.h; sourceTree = "<group>"; };
		5EA646C2190ED8F90096C3DD /* POPDefines.h */ = {isa = PBXFileReference; fileEncoding = 4; lastKnownFileType = sourcecode.c.h; path = POPDefines.h; sourceTree = "<group>"; };
		5EA646C3190ED8F90096C3DD /* POPGeometry.h */ = {isa = PBXFileReference; fileEncoding = 4; lastKnownFileType = sourcecode.c.h; path = POPGeometry.h; sourceTree = "<group>"; };
		5EA646C4190ED8F90096C3DD /* POPGeometry.mm */ = {isa = PBXFileReference; fileEncoding = 4; lastKnownFileType = sourcecode.cpp.objcpp; path = POPGeometry.mm; sourceTree = "<group>"; };
		5EA646C5190ED8F90096C3DD /* POPLayerExtras.h */ = {isa = PBXFileReference; fileEncoding = 4; lastKnownFileType = sourcecode.c.h; path = POPLayerExtras.h; sourceTree = "<group>"; };
		5EA646C6190ED8F90096C3DD /* POPLayerExtras.mm */ = {isa = PBXFileReference; fileEncoding = 4; lastKnownFileType = sourcecode.cpp.objcpp; path = POPLayerExtras.mm; sourceTree = "<group>"; };
		5EA646C7190ED8F90096C3DD /* POPMath.h */ = {isa = PBXFileReference; fileEncoding = 4; lastKnownFileType = sourcecode.c.h; path = POPMath.h; sourceTree = "<group>"; };
		5EA646C8190ED8F90096C3DD /* POPMath.mm */ = {isa = PBXFileReference; fileEncoding = 4; lastKnownFileType = sourcecode.cpp.objcpp; path = POPMath.mm; sourceTree = "<group>"; };
		5EA646C9190ED8F90096C3DD /* POPPropertyAnimation.h */ = {isa = PBXFileReference; fileEncoding = 4; lastKnownFileType = sourcecode.c.h; path = POPPropertyAnimation.h; sourceTree = "<group>"; };
		5EA646CA190ED8F90096C3DD /* POPPropertyAnimation.mm */ = {isa = PBXFileReference; fileEncoding = 4; lastKnownFileType = sourcecode.cpp.objcpp; path = POPPropertyAnimation.mm; sourceTree = "<group>"; };
		5EA646CB190ED8F90096C3DD /* POPPropertyAnimationInternal.h */ = {isa = PBXFileReference; fileEncoding = 4; lastKnownFileType = sourcecode.c.h; path = POPPropertyAnimationInternal.h; sourceTree = "<group>"; };
		5EA646CC190ED8F90096C3DD /* POPSpringAnimation.h */ = {isa = PBXFileReference; fileEncoding = 4; lastKnownFileType = sourcecode.c.h; path = POPSpringAnimation.h; sourceTree = "<group>"; };
		5EA646CD190ED8F90096C3DD /* POPSpringAnimation.mm */ = {isa = PBXFileReference; fileEncoding = 4; lastKnownFileType = sourcecode.cpp.objcpp; path = POPSpringAnimation.mm; sourceTree = "<group>"; };
		5EA646CE190ED8F90096C3DD /* POPSpringAnimationInternal.h */ = {isa = PBXFileReference; fileEncoding = 4; lastKnownFileType = sourcecode.c.h; path = POPSpringAnimationInternal.h; sourceTree = "<group>"; };
		5EA646CF190ED8F90096C3DD /* POPSpringSolver.h */ = {isa = PBXFileReference; fileEncoding = 4; lastKnownFileType = sourcecode.c.h; path = POPSpringSolver.h; sourceTree = "<group>"; };
		5EA646D0190ED8F90096C3DD /* POPVector.h */ = {isa = PBXFileReference; fileEncoding = 4; lastKnownFileType = sourcecode.c.h; path = POPVector.h; sourceTree = "<group>"; };
		5EA646D1190ED8F90096C3DD /* POPVector.mm */ = {isa = PBXFileReference; fileEncoding = 4; lastKnownFileType = sourcecode.cpp.objcpp; path = POPVector.mm; sourceTree = "<group>"; };
		5EA646D3190ED8F90096C3DD /* FloatConversion.h */ = {isa = PBXFileReference; fileEncoding = 4; lastKnownFileType = sourcecode.c.h; path = FloatConversion.h; sourceTree = "<group>"; };
		5EA646D4190ED8F90096C3DD /* TransformationMatrix.cpp */ = {isa = PBXFileReference; fileEncoding = 4; lastKnownFileType = sourcecode.cpp.cpp; path = TransformationMatrix.cpp; sourceTree = "<group>"; };
		5EA646D5190ED8F90096C3DD /* TransformationMatrix.h */ = {isa = PBXFileReference; fileEncoding = 4; lastKnownFileType = sourcecode.c.h; path = TransformationMatrix.h; sourceTree = "<group>"; };
		5EA646D6190ED8F90096C3DD /* UnitBezier.h */ = {isa = PBXFileReference; fileEncoding = 4; lastKnownFileType = sourcecode.c.h; path = UnitBezier.h; sourceTree = "<group>"; };
		5EA646D8190ED8F90096C3DD /* ViewController.h */ = {isa = PBXFileReference; fileEncoding = 4; lastKnownFileType = sourcecode.c.h; path = ViewController.h; sourceTree = "<group>"; };
		5EA646D9190ED8F90096C3DD /* ViewController.m */ = {isa = PBXFileReference; fileEncoding = 4; lastKnownFileType = sourcecode.c.objc; path = ViewController.m; sourceTree = "<group>"; };
/* End PBXFileReference section */

/* Begin PBXFrameworksBuildPhase section */
		5EA64616190ECCB50096C3DD /* Frameworks */ = {
			isa = PBXFrameworksBuildPhase;
			buildActionMask = 2147483647;
			files = (
				5EA6461F190ECCB50096C3DD /* CoreGraphics.framework in Frameworks */,
				5EA64621190ECCB50096C3DD /* UIKit.framework in Frameworks */,
				5EA6461D190ECCB50096C3DD /* Foundation.framework in Frameworks */,
			);
			runOnlyForDeploymentPostprocessing = 0;
		};
		5EA64631190ECCB50096C3DD /* Frameworks */ = {
			isa = PBXFrameworksBuildPhase;
			buildActionMask = 2147483647;
			files = (
				5EA64636190ECCB50096C3DD /* XCTest.framework in Frameworks */,
				5EA64638190ECCB50096C3DD /* UIKit.framework in Frameworks */,
				5EA64637190ECCB50096C3DD /* Foundation.framework in Frameworks */,
			);
			runOnlyForDeploymentPostprocessing = 0;
		};
/* End PBXFrameworksBuildPhase section */

/* Begin PBXGroup section */
		5EA64610190ECCB50096C3DD = {
			isa = PBXGroup;
			children = (
				5EA64622190ECCB50096C3DD /* PopTut */,
				5EA6463B190ECCB50096C3DD /* PopTutTests */,
				5EA6461B190ECCB50096C3DD /* Frameworks */,
				5EA6461A190ECCB50096C3DD /* Products */,
			);
			sourceTree = "<group>";
		};
		5EA6461A190ECCB50096C3DD /* Products */ = {
			isa = PBXGroup;
			children = (
				5EA64619190ECCB50096C3DD /* PopTut.app */,
				5EA64634190ECCB50096C3DD /* PopTutTests.xctest */,
			);
			name = Products;
			sourceTree = "<group>";
		};
		5EA6461B190ECCB50096C3DD /* Frameworks */ = {
			isa = PBXGroup;
			children = (
				5EA6461C190ECCB50096C3DD /* Foundation.framework */,
				5EA6461E190ECCB50096C3DD /* CoreGraphics.framework */,
				5EA64620190ECCB50096C3DD /* UIKit.framework */,
				5EA64635190ECCB50096C3DD /* XCTest.framework */,
			);
			name = Frameworks;
			sourceTree = "<group>";
		};
		5EA64622190ECCB50096C3DD /* PopTut */ = {
			isa = PBXGroup;
			children = (
				5EA6469D190ED8F90096C3DD /* Main.storyboard */,
				5EA6462B190ECCB50096C3DD /* AppDelegate.h */,
				5EA6462C190ECCB50096C3DD /* AppDelegate.m */,
				5EA646D8190ED8F90096C3DD /* ViewController.h */,
				5EA646D9190ED8F90096C3DD /* ViewController.m */,
				5EA6462E190ECCB50096C3DD /* Images.xcassets */,
				5EA6469E190ED8F90096C3DD /* pop */,
				5EA64623190ECCB50096C3DD /* Supporting Files */,
			);
			path = PopTut;
			sourceTree = "<group>";
		};
		5EA64623190ECCB50096C3DD /* Supporting Files */ = {
			isa = PBXGroup;
			children = (
				5EA64624190ECCB50096C3DD /* PopTut-Info.plist */,
				5EA64625190ECCB50096C3DD /* InfoPlist.strings */,
				5EA64628190ECCB50096C3DD /* main.m */,
				5EA6462A190ECCB50096C3DD /* PopTut-Prefix.pch */,
			);
			name = "Supporting Files";
			sourceTree = "<group>";
		};
		5EA6463B190ECCB50096C3DD /* PopTutTests */ = {
			isa = PBXGroup;
			children = (
				5EA64641190ECCB50096C3DD /* PopTutTests.m */,
				5EA6463C190ECCB50096C3DD /* Supporting Files */,
			);
			path = PopTutTests;
			sourceTree = "<group>";
		};
		5EA6463C190ECCB50096C3DD /* Supporting Files */ = {
			isa = PBXGroup;
			children = (
				5EA6463D190ECCB50096C3DD /* PopTutTests-Info.plist */,
				5EA6463E190ECCB50096C3DD /* InfoPlist.strings */,
			);
			name = "Supporting Files";
			sourceTree = "<group>";
		};
		5EA6469E190ED8F90096C3DD /* pop */ = {
			isa = PBXGroup;
			children = (
				5EA6469F190ED8F90096C3DD /* InfoPlist.strings */,
				5EA646A1190ED8F90096C3DD /* pop-Info.plist */,
				5EA646A2190ED8F90096C3DD /* pop-Prefix.pch */,
				5EA646A3190ED8F90096C3DD /* POP.h */,
				5EA646A4190ED8F90096C3DD /* POPAction.h */,
				5EA646A5190ED8F90096C3DD /* POPAnimatableProperty.h */,
				5EA646A6190ED8F90096C3DD /* POPAnimatableProperty.mm */,
				5EA646A7190ED8F90096C3DD /* POPAnimation.h */,
				5EA646A8190ED8F90096C3DD /* POPAnimation.mm */,
				5EA646A9190ED8F90096C3DD /* POPAnimationEvent.h */,
				5EA646AA190ED8F90096C3DD /* POPAnimationEvent.mm */,
				5EA646AB190ED8F90096C3DD /* POPAnimationEventInternal.h */,
				5EA646AC190ED8F90096C3DD /* POPAnimationExtras.h */,
				5EA646AD190ED8F90096C3DD /* POPAnimationExtras.mm */,
				5EA646AE190ED8F90096C3DD /* POPAnimationInternal.h */,
				5EA646AF190ED8F90096C3DD /* POPAnimationPrivate.h */,
				5EA646B0190ED8F90096C3DD /* POPAnimationRuntime.h */,
				5EA646B1190ED8F90096C3DD /* POPAnimationRuntime.mm */,
				5EA646B2190ED8F90096C3DD /* POPAnimationTracer.h */,
				5EA646B3190ED8F90096C3DD /* POPAnimationTracer.mm */,
				5EA646B4190ED8F90096C3DD /* POPAnimationTracerInternal.h */,
				5EA646B5190ED8F90096C3DD /* POPAnimator.h */,
				5EA646B6190ED8F90096C3DD /* POPAnimator.mm */,
				5EA646B7190ED8F90096C3DD /* POPAnimatorPrivate.h */,
				5EA646B8190ED8F90096C3DD /* POPBasicAnimation.h */,
				5EA646B9190ED8F90096C3DD /* POPBasicAnimation.mm */,
				5EA646BA190ED8F90096C3DD /* POPBasicAnimationInternal.h */,
				5EA646BB190ED8F90096C3DD /* POPCGUtils.h */,
				5EA646BC190ED8F90096C3DD /* POPCGUtils.mm */,
				5EA646BD190ED8F90096C3DD /* POPCustomAnimation.h */,
				5EA646BE190ED8F90096C3DD /* POPCustomAnimation.mm */,
				5EA646BF190ED8F90096C3DD /* POPDecayAnimation.h */,
				5EA646C0190ED8F90096C3DD /* POPDecayAnimation.mm */,
				5EA646C1190ED8F90096C3DD /* POPDecayAnimationInternal.h */,
				5EA646C2190ED8F90096C3DD /* POPDefines.h */,
				5EA646C3190ED8F90096C3DD /* POPGeometry.h */,
				5EA646C4190ED8F90096C3DD /* POPGeometry.mm */,
				5EA646C5190ED8F90096C3DD /* POPLayerExtras.h */,
				5EA646C6190ED8F90096C3DD /* POPLayerExtras.mm */,
				5EA646C7190ED8F90096C3DD /* POPMath.h */,
				5EA646C8190ED8F90096C3DD /* POPMath.mm */,
				5EA646C9190ED8F90096C3DD /* POPPropertyAnimation.h */,
				5EA646CA190ED8F90096C3DD /* POPPropertyAnimation.mm */,
				5EA646CB190ED8F90096C3DD /* POPPropertyAnimationInternal.h */,
				5EA646CC190ED8F90096C3DD /* POPSpringAnimation.h */,
				5EA646CD190ED8F90096C3DD /* POPSpringAnimation.mm */,
				5EA646CE190ED8F90096C3DD /* POPSpringAnimationInternal.h */,
				5EA646CF190ED8F90096C3DD /* POPSpringSolver.h */,
				5EA646D0190ED8F90096C3DD /* POPVector.h */,
				5EA646D1190ED8F90096C3DD /* POPVector.mm */,
				5EA646D2190ED8F90096C3DD /* WebCore */,
			);
			path = pop;
			sourceTree = "<group>";
		};
		5EA646D2190ED8F90096C3DD /* WebCore */ = {
			isa = PBXGroup;
			children = (
				5EA646D3190ED8F90096C3DD /* FloatConversion.h */,
				5EA646D4190ED8F90096C3DD /* TransformationMatrix.cpp */,
				5EA646D5190ED8F90096C3DD /* TransformationMatrix.h */,
				5EA646D6190ED8F90096C3DD /* UnitBezier.h */,
			);
			path = WebCore;
			sourceTree = "<group>";
		};
/* End PBXGroup section */

/* Begin PBXNativeTarget section */
		5EA64618190ECCB50096C3DD /* PopTut */ = {
			isa = PBXNativeTarget;
			buildConfigurationList = 5EA64645190ECCB50096C3DD /* Build configuration list for PBXNativeTarget "PopTut" */;
			buildPhases = (
				5EA64615190ECCB50096C3DD /* Sources */,
				5EA64616190ECCB50096C3DD /* Frameworks */,
				5EA64617190ECCB50096C3DD /* Resources */,
			);
			buildRules = (
			);
			dependencies = (
			);
			name = PopTut;
			productName = PopTut;
			productReference = 5EA64619190ECCB50096C3DD /* PopTut.app */;
			productType = "com.apple.product-type.application";
		};
		5EA64633190ECCB50096C3DD /* PopTutTests */ = {
			isa = PBXNativeTarget;
			buildConfigurationList = 5EA64648190ECCB50096C3DD /* Build configuration list for PBXNativeTarget "PopTutTests" */;
			buildPhases = (
				5EA64630190ECCB50096C3DD /* Sources */,
				5EA64631190ECCB50096C3DD /* Frameworks */,
				5EA64632190ECCB50096C3DD /* Resources */,
			);
			buildRules = (
			);
			dependencies = (
				5EA6463A190ECCB50096C3DD /* PBXTargetDependency */,
			);
			name = PopTutTests;
			productName = PopTutTests;
			productReference = 5EA64634190ECCB50096C3DD /* PopTutTests.xctest */;
			productType = "com.apple.product-type.bundle.unit-test";
		};
/* End PBXNativeTarget section */

/* Begin PBXProject section */
		5EA64611190ECCB50096C3DD /* Project object */ = {
			isa = PBXProject;
			attributes = {
				LastUpgradeCheck = 0510;
				ORGANIZATIONNAME = "Jeremy Olson";
				TargetAttributes = {
					5EA64633190ECCB50096C3DD = {
						TestTargetID = 5EA64618190ECCB50096C3DD;
					};
				};
			};
			buildConfigurationList = 5EA64614190ECCB50096C3DD /* Build configuration list for PBXProject "PopTut" */;
			compatibilityVersion = "Xcode 3.2";
			developmentRegion = English;
			hasScannedForEncodings = 0;
			knownRegions = (
				en,
			);
			mainGroup = 5EA64610190ECCB50096C3DD;
			productRefGroup = 5EA6461A190ECCB50096C3DD /* Products */;
			projectDirPath = "";
			projectRoot = "";
			targets = (
				5EA64618190ECCB50096C3DD /* PopTut */,
				5EA64633190ECCB50096C3DD /* PopTutTests */,
			);
		};
/* End PBXProject section */

/* Begin PBXResourcesBuildPhase section */
		5EA64617190ECCB50096C3DD /* Resources */ = {
			isa = PBXResourcesBuildPhase;
			buildActionMask = 2147483647;
			files = (
				5EA646DA190ED8F90096C3DD /* Main.storyboard in Resources */,
				5EA646DB190ED8F90096C3DD /* InfoPlist.strings in Resources */,
				5EA64627190ECCB50096C3DD /* InfoPlist.strings in Resources */,
				5EA646DC190ED8F90096C3DD /* pop-Info.plist in Resources */,
				5EA6462F190ECCB50096C3DD /* Images.xcassets in Resources */,
			);
			runOnlyForDeploymentPostprocessing = 0;
		};
		5EA64632190ECCB50096C3DD /* Resources */ = {
			isa = PBXResourcesBuildPhase;
			buildActionMask = 2147483647;
			files = (
				5EA64640190ECCB50096C3DD /* InfoPlist.strings in Resources */,
			);
			runOnlyForDeploymentPostprocessing = 0;
		};
/* End PBXResourcesBuildPhase section */

/* Begin PBXSourcesBuildPhase section */
		5EA64615190ECCB50096C3DD /* Sources */ = {
			isa = PBXSourcesBuildPhase;
			buildActionMask = 2147483647;
			files = (
				5EA646F0190ED8F90096C3DD /* ViewController.m in Sources */,
				5EA6462D190ECCB50096C3DD /* AppDelegate.m in Sources */,
				5EA646E1190ED8F90096C3DD /* POPAnimationRuntime.mm in Sources */,
				5EA646EB190ED8F90096C3DD /* POPPropertyAnimation.mm in Sources */,
				5EA646DF190ED8F90096C3DD /* POPAnimationEvent.mm in Sources */,
				5EA646E8190ED8F90096C3DD /* POPGeometry.mm in Sources */,
				5EA64629190ECCB50096C3DD /* main.m in Sources */,
				5EA646ED190ED8F90096C3DD /* POPVector.mm in Sources */,
				5EA646E5190ED8F90096C3DD /* POPCGUtils.mm in Sources */,
				5EA646E3190ED8F90096C3DD /* POPAnimator.mm in Sources */,
				5EA646EE190ED8F90096C3DD /* TransformationMatrix.cpp in Sources */,
				5EA646E9190ED8F90096C3DD /* POPLayerExtras.mm in Sources */,
				5EA646E7190ED8F90096C3DD /* POPDecayAnimation.mm in Sources */,
				5EA646E4190ED8F90096C3DD /* POPBasicAnimation.mm in Sources */,
				5EA646EC190ED8F90096C3DD /* POPSpringAnimation.mm in Sources */,
				5EA646E0190ED8F90096C3DD /* POPAnimationExtras.mm in Sources */,
				5EA646EA190ED8F90096C3DD /* POPMath.mm in Sources */,
				5EA646E2190ED8F90096C3DD /* POPAnimationTracer.mm in Sources */,
				5EA646DE190ED8F90096C3DD /* POPAnimation.mm in Sources */,
				5EA646DD190ED8F90096C3DD /* POPAnimatableProperty.mm in Sources */,
				5EA646E6190ED8F90096C3DD /* POPCustomAnimation.mm in Sources */,
			);
			runOnlyForDeploymentPostprocessing = 0;
		};
		5EA64630190ECCB50096C3DD /* Sources */ = {
			isa = PBXSourcesBuildPhase;
			buildActionMask = 2147483647;
			files = (
				5EA64642190ECCB50096C3DD /* PopTutTests.m in Sources */,
			);
			runOnlyForDeploymentPostprocessing = 0;
		};
/* End PBXSourcesBuildPhase section */

/* Begin PBXTargetDependency section */
		5EA6463A190ECCB50096C3DD /* PBXTargetDependency */ = {
			isa = PBXTargetDependency;
			target = 5EA64618190ECCB50096C3DD /* PopTut */;
			targetProxy = 5EA64639190ECCB50096C3DD /* PBXContainerItemProxy */;
		};
/* End PBXTargetDependency section */

/* Begin PBXVariantGroup section */
		5EA64625190ECCB50096C3DD /* InfoPlist.strings */ = {
			isa = PBXVariantGroup;
			children = (
				5EA64626190ECCB50096C3DD /* en */,
			);
			name = InfoPlist.strings;
			sourceTree = "<group>";
		};
		5EA6463E190ECCB50096C3DD /* InfoPlist.strings */ = {
			isa = PBXVariantGroup;
			children = (
				5EA6463F190ECCB50096C3DD /* en */,
			);
			name = InfoPlist.strings;
			sourceTree = "<group>";
		};
		5EA6469F190ED8F90096C3DD /* InfoPlist.strings */ = {
			isa = PBXVariantGroup;
			children = (
				5EA646A0190ED8F90096C3DD /* en */,
			);
			name = InfoPlist.strings;
			sourceTree = "<group>";
		};
/* End PBXVariantGroup section */

/* Begin XCBuildConfiguration section */
		5EA64643190ECCB50096C3DD /* Debug */ = {
			isa = XCBuildConfiguration;
			buildSettings = {
				ALWAYS_SEARCH_USER_PATHS = NO;
				CLANG_CXX_LANGUAGE_STANDARD = "gnu++0x";
				CLANG_CXX_LIBRARY = "libc++";
				CLANG_ENABLE_MODULES = YES;
				CLANG_ENABLE_OBJC_ARC = YES;
				CLANG_WARN_BOOL_CONVERSION = YES;
				CLANG_WARN_CONSTANT_CONVERSION = YES;
				CLANG_WARN_DIRECT_OBJC_ISA_USAGE = YES_ERROR;
				CLANG_WARN_EMPTY_BODY = YES;
				CLANG_WARN_ENUM_CONVERSION = YES;
				CLANG_WARN_INT_CONVERSION = YES;
				CLANG_WARN_OBJC_ROOT_CLASS = YES_ERROR;
				CLANG_WARN__DUPLICATE_METHOD_MATCH = YES;
				"CODE_SIGN_IDENTITY[sdk=iphoneos*]" = "iPhone Developer";
				COPY_PHASE_STRIP = NO;
				GCC_C_LANGUAGE_STANDARD = gnu99;
				GCC_DYNAMIC_NO_PIC = NO;
				GCC_OPTIMIZATION_LEVEL = 0;
				GCC_PREPROCESSOR_DEFINITIONS = (
					"DEBUG=1",
					"$(inherited)",
				);
				GCC_SYMBOLS_PRIVATE_EXTERN = NO;
				GCC_WARN_64_TO_32_BIT_CONVERSION = YES;
				GCC_WARN_ABOUT_RETURN_TYPE = YES_ERROR;
				GCC_WARN_UNDECLARED_SELECTOR = YES;
				GCC_WARN_UNINITIALIZED_AUTOS = YES_AGGRESSIVE;
				GCC_WARN_UNUSED_FUNCTION = YES;
				GCC_WARN_UNUSED_VARIABLE = YES;
				IPHONEOS_DEPLOYMENT_TARGET = 7.1;
				ONLY_ACTIVE_ARCH = YES;
				SDKROOT = iphoneos;
			};
			name = Debug;
		};
		5EA64644190ECCB50096C3DD /* Release */ = {
			isa = XCBuildConfiguration;
			buildSettings = {
				ALWAYS_SEARCH_USER_PATHS = NO;
				CLANG_CXX_LANGUAGE_STANDARD = "gnu++0x";
				CLANG_CXX_LIBRARY = "libc++";
				CLANG_ENABLE_MODULES = YES;
				CLANG_ENABLE_OBJC_ARC = YES;
				CLANG_WARN_BOOL_CONVERSION = YES;
				CLANG_WARN_CONSTANT_CONVERSION = YES;
				CLANG_WARN_DIRECT_OBJC_ISA_USAGE = YES_ERROR;
				CLANG_WARN_EMPTY_BODY = YES;
				CLANG_WARN_ENUM_CONVERSION = YES;
				CLANG_WARN_INT_CONVERSION = YES;
				CLANG_WARN_OBJC_ROOT_CLASS = YES_ERROR;
				CLANG_WARN__DUPLICATE_METHOD_MATCH = YES;
				"CODE_SIGN_IDENTITY[sdk=iphoneos*]" = "iPhone Developer";
				COPY_PHASE_STRIP = YES;
				ENABLE_NS_ASSERTIONS = NO;
				GCC_C_LANGUAGE_STANDARD = gnu99;
				GCC_WARN_64_TO_32_BIT_CONVERSION = YES;
				GCC_WARN_ABOUT_RETURN_TYPE = YES_ERROR;
				GCC_WARN_UNDECLARED_SELECTOR = YES;
				GCC_WARN_UNINITIALIZED_AUTOS = YES_AGGRESSIVE;
				GCC_WARN_UNUSED_FUNCTION = YES;
				GCC_WARN_UNUSED_VARIABLE = YES;
				IPHONEOS_DEPLOYMENT_TARGET = 7.1;
				SDKROOT = iphoneos;
				VALIDATE_PRODUCT = YES;
			};
			name = Release;
		};
		5EA64646190ECCB50096C3DD /* Debug */ = {
			isa = XCBuildConfiguration;
			buildSettings = {
				ASSETCATALOG_COMPILER_APPICON_NAME = AppIcon;
				ASSETCATALOG_COMPILER_LAUNCHIMAGE_NAME = LaunchImage;
				GCC_PRECOMPILE_PREFIX_HEADER = YES;
				GCC_PREFIX_HEADER = "PopTut/PopTut-Prefix.pch";
				INFOPLIST_FILE = "PopTut/PopTut-Info.plist";
				PRODUCT_NAME = "$(TARGET_NAME)";
				WRAPPER_EXTENSION = app;
			};
			name = Debug;
		};
		5EA64647190ECCB50096C3DD /* Release */ = {
			isa = XCBuildConfiguration;
			buildSettings = {
				ASSETCATALOG_COMPILER_APPICON_NAME = AppIcon;
				ASSETCATALOG_COMPILER_LAUNCHIMAGE_NAME = LaunchImage;
				GCC_PRECOMPILE_PREFIX_HEADER = YES;
				GCC_PREFIX_HEADER = "PopTut/PopTut-Prefix.pch";
				INFOPLIST_FILE = "PopTut/PopTut-Info.plist";
				PRODUCT_NAME = "$(TARGET_NAME)";
				WRAPPER_EXTENSION = app;
			};
			name = Release;
		};
		5EA64649190ECCB50096C3DD /* Debug */ = {
			isa = XCBuildConfiguration;
			buildSettings = {
				BUNDLE_LOADER = "$(BUILT_PRODUCTS_DIR)/PopTut.app/PopTut";
				FRAMEWORK_SEARCH_PATHS = (
					"$(SDKROOT)/Developer/Library/Frameworks",
					"$(inherited)",
					"$(DEVELOPER_FRAMEWORKS_DIR)",
				);
				GCC_PRECOMPILE_PREFIX_HEADER = YES;
				GCC_PREFIX_HEADER = "PopTut/PopTut-Prefix.pch";
				GCC_PREPROCESSOR_DEFINITIONS = (
					"DEBUG=1",
					"$(inherited)",
				);
				INFOPLIST_FILE = "PopTutTests/PopTutTests-Info.plist";
				PRODUCT_NAME = "$(TARGET_NAME)";
				TEST_HOST = "$(BUNDLE_LOADER)";
				WRAPPER_EXTENSION = xctest;
			};
			name = Debug;
		};
		5EA6464A190ECCB50096C3DD /* Release */ = {
			isa = XCBuildConfiguration;
			buildSettings = {
				BUNDLE_LOADER = "$(BUILT_PRODUCTS_DIR)/PopTut.app/PopTut";
				FRAMEWORK_SEARCH_PATHS = (
					"$(SDKROOT)/Developer/Library/Frameworks",
					"$(inherited)",
					"$(DEVELOPER_FRAMEWORKS_DIR)",
				);
				GCC_PRECOMPILE_PREFIX_HEADER = YES;
				GCC_PREFIX_HEADER = "PopTut/PopTut-Prefix.pch";
				INFOPLIST_FILE = "PopTutTests/PopTutTests-Info.plist";
				PRODUCT_NAME = "$(TARGET_NAME)";
				TEST_HOST = "$(BUNDLE_LOADER)";
				WRAPPER_EXTENSION = xctest;
			};
			name = Release;
		};
/* End XCBuildConfiguration section */

/* Begin XCConfigurationList section */
		5EA64614190ECCB50096C3DD /* Build configuration list for PBXProject "PopTut" */ = {
			isa = XCConfigurationList;
			buildConfigurations = (
				5EA64643190ECCB50096C3DD /* Debug */,
				5EA64644190ECCB50096C3DD /* Release */,
			);
			defaultConfigurationIsVisible = 0;
			defaultConfigurationName = Release;
		};
		5EA64645190ECCB50096C3DD /* Build configuration list for PBXNativeTarget "PopTut" */ = {
			isa = XCConfigurationList;
			buildConfigurations = (
				5EA64646190ECCB50096C3DD /* Debug */,
				5EA64647190ECCB50096C3DD /* Release */,
			);
			defaultConfigurationIsVisible = 0;
			defaultConfigurationName = Release;
		};
		5EA64648190ECCB50096C3DD /* Build configuration list for PBXNativeTarget "PopTutTests" */ = {
			isa = XCConfigurationList;
			buildConfigurations = (
				5EA64649190ECCB50096C3DD /* Debug */,
				5EA6464A190ECCB50096C3DD /* Release */,
			);
			defaultConfigurationIsVisible = 0;
			defaultConfigurationName = Release;
		};
/* End XCConfigurationList section */
	};
	rootObject = 5EA64611190ECCB50096C3DD /* Project object */;
}
